
Microsoft Visual Studio Solution File, Format Version 12.00
# Visual Studio Version 17
VisualStudioVersion = 17.0.31903.59
MinimumVisualStudioVersion = 10.0.40219.1
Project("{9A19103F-16F7-4668-BE54-9A1E7A4F7556}") = "CloudGB.Core", "CloudGB.Core\CloudGB.Core.csproj", "{7C737646-8A6B-4649-854A-5893728F3710}"
EndProject
Project("{9A19103F-16F7-4668-BE54-9A1E7A4F7556}") = "CloudGB.Core.Test", "CloudGB.Core.Test\CloudGB.Core.Test.csproj", "{90C24BA7-65FE-48C4-94C3-C4983179C985}"
EndProject
Project("{9A19103F-16F7-4668-BE54-9A1E7A4F7556}") = "CloudGB.Web", "CloudGB.Web\CloudGB.Web.csproj", "{DD08FF83-C856-40EE-AAEF-16EC9FDA7C15}"
EndProject
Global
	GlobalSection(SolutionConfigurationPlatforms) = preSolution
		Debug|Any CPU = Debug|Any CPU
		Release|Any CPU = Release|Any CPU
	EndGlobalSection
	GlobalSection(ProjectConfigurationPlatforms) = postSolution
		{7C737646-8A6B-4649-854A-5893728F3710}.Debug|Any CPU.ActiveCfg = Debug|Any CPU
		{7C737646-8A6B-4649-854A-5893728F3710}.Debug|Any CPU.Build.0 = Debug|Any CPU
		{7C737646-8A6B-4649-854A-5893728F3710}.Release|Any CPU.ActiveCfg = Release|Any CPU
		{7C737646-8A6B-4649-854A-5893728F3710}.Release|Any CPU.Build.0 = Release|Any CPU
		{90C24BA7-65FE-48C4-94C3-C4983179C985}.Debug|Any CPU.ActiveCfg = Debug|Any CPU
		{90C24BA7-65FE-48C4-94C3-C4983179C985}.Debug|Any CPU.Build.0 = Debug|Any CPU
		{90C24BA7-65FE-48C4-94C3-C4983179C985}.Release|Any CPU.ActiveCfg = Release|Any CPU
		{90C24BA7-65FE-48C4-94C3-C4983179C985}.Release|Any CPU.Build.0 = Release|Any CPU
		{DD08FF83-C856-40EE-AAEF-16EC9FDA7C15}.Debug|Any CPU.ActiveCfg = Debug|Any CPU
		{DD08FF83-C856-40EE-AAEF-16EC9FDA7C15}.Debug|Any CPU.Build.0 = Debug|Any CPU
		{DD08FF83-C856-40EE-AAEF-16EC9FDA7C15}.Release|Any CPU.ActiveCfg = Release|Any CPU
		{DD08FF83-C856-40EE-AAEF-16EC9FDA7C15}.Release|Any CPU.Build.0 = Release|Any CPU
	EndGlobalSection
	GlobalSection(SolutionProperties) = preSolution
		HideSolutionNode = FALSE
	EndGlobalSection
	GlobalSection(ExtensibilityGlobals) = postSolution
		SolutionGuid = {20184708-F657-4C1B-A3DC-B4948125D8CD}
	EndGlobalSection
EndGlobal
